
Microsoft Visual Studio Solution File, Format Version 12.00
# Visual Studio 2012
Project("{FAE04EC0-301F-11D3-BF4B-00C04F79EFBC}") = "SoundFingerprinting.Tests", "SoundFingerprinting.Tests\SoundFingerprinting.Tests.csproj", "{987DA38D-5157-4D83-9B1D-83A0A62D0E94}"
EndProject
Project("{FAE04EC0-301F-11D3-BF4B-00C04F79EFBC}") = "SoundFingerprinting", "SoundFingerprinting\SoundFingerprinting.csproj", "{56EB1986-589C-4DA9-B961-5833BB4A7816}"
EndProject
Project("{2150E333-8FDC-42A3-9474-1A3956D46DE8}") = "Solution Items", "Solution Items", "{73D53E1C-FB16-4B8C-8EAA-70E170228C51}"
EndProject
Project("{2150E333-8FDC-42A3-9474-1A3956D46DE8}") = ".nuget", ".nuget", "{3F844021-926C-4A34-8C6E-CF02E7801654}"
	ProjectSection(SolutionItems) = preProject
		.nuget\NuGet.Config = .nuget\NuGet.Config
		.nuget\NuGet.exe = .nuget\NuGet.exe
		.nuget\NuGet.targets = .nuget\NuGet.targets
	EndProjectSection
EndProject
Project("{FAE04EC0-301F-11D3-BF4B-00C04F79EFBC}") = "SoundFingerprinting.Audio.NAudio", "SoundFingerprinting.Audio.NAudio\SoundFingerprinting.Audio.NAudio.csproj", "{73A3FEE8-13EE-4EEB-9DB2-E52A30C8467A}"
EndProject
Project("{FAE04EC0-301F-11D3-BF4B-00C04F79EFBC}") = "SoundFingerprinting.Audio.NAudio.Test", "SoundFingerprinting.Audio.NAudio.Test\SoundFingerprinting.Audio.NAudio.Test.csproj", "{AE1865DB-C8D2-48E8-BB00-551D9D858C37}"
EndProject
Project("{FAE04EC0-301F-11D3-BF4B-00C04F79EFBC}") = "SoundFingerprinting.Audio", "SoundFingerprinting.Audio\SoundFingerprinting.Audio.csproj", "{0F94F031-1D0B-429A-A41D-956C1EAE435B}"
EndProject
Project("{FAE04EC0-301F-11D3-BF4B-00C04F79EFBC}") = "SoundFingerprinting.Infrastructure", "SoundFingerprinting.Infrastructure\SoundFingerprinting.Infrastructure.csproj", "{A265E08A-870F-406D-8751-4F6F6D69E91A}"
EndProject
Global
	GlobalSection(SolutionConfigurationPlatforms) = preSolution
		Debug|Any CPU = Debug|Any CPU
		Debug|Mixed Platforms = Debug|Mixed Platforms
		Debug|x86 = Debug|x86
		NoUnitTests|Any CPU = NoUnitTests|Any CPU
		NoUnitTests|Mixed Platforms = NoUnitTests|Mixed Platforms
		NoUnitTests|x86 = NoUnitTests|x86
		Release|Any CPU = Release|Any CPU
		Release|Mixed Platforms = Release|Mixed Platforms
		Release|x86 = Release|x86
	EndGlobalSection
	GlobalSection(ProjectConfigurationPlatforms) = postSolution
		{987DA38D-5157-4D83-9B1D-83A0A62D0E94}.Debug|Any CPU.ActiveCfg = Debug|Any CPU
		{987DA38D-5157-4D83-9B1D-83A0A62D0E94}.Debug|Any CPU.Build.0 = Debug|Any CPU
		{987DA38D-5157-4D83-9B1D-83A0A62D0E94}.Debug|Mixed Platforms.ActiveCfg = Debug|Any CPU
		{987DA38D-5157-4D83-9B1D-83A0A62D0E94}.Debug|Mixed Platforms.Build.0 = Debug|Any CPU
		{987DA38D-5157-4D83-9B1D-83A0A62D0E94}.Debug|x86.ActiveCfg = Debug|Any CPU
		{987DA38D-5157-4D83-9B1D-83A0A62D0E94}.NoUnitTests|Any CPU.ActiveCfg = NoUnitTests|Any CPU
		{987DA38D-5157-4D83-9B1D-83A0A62D0E94}.NoUnitTests|Any CPU.Build.0 = NoUnitTests|Any CPU
		{987DA38D-5157-4D83-9B1D-83A0A62D0E94}.NoUnitTests|Mixed Platforms.ActiveCfg = NoUnitTests|Any CPU
		{987DA38D-5157-4D83-9B1D-83A0A62D0E94}.NoUnitTests|x86.ActiveCfg = NoUnitTests|Any CPU
		{987DA38D-5157-4D83-9B1D-83A0A62D0E94}.Release|Any CPU.ActiveCfg = Release|Any CPU
		{987DA38D-5157-4D83-9B1D-83A0A62D0E94}.Release|Any CPU.Build.0 = Release|Any CPU
		{987DA38D-5157-4D83-9B1D-83A0A62D0E94}.Release|Mixed Platforms.ActiveCfg = Release|Any CPU
		{987DA38D-5157-4D83-9B1D-83A0A62D0E94}.Release|Mixed Platforms.Build.0 = Release|Any CPU
		{987DA38D-5157-4D83-9B1D-83A0A62D0E94}.Release|x86.ActiveCfg = Release|Any CPU
		{56EB1986-589C-4DA9-B961-5833BB4A7816}.Debug|Any CPU.ActiveCfg = Debug|Any CPU
		{56EB1986-589C-4DA9-B961-5833BB4A7816}.Debug|Any CPU.Build.0 = Debug|Any CPU
		{56EB1986-589C-4DA9-B961-5833BB4A7816}.Debug|Mixed Platforms.ActiveCfg = Debug|Any CPU
		{56EB1986-589C-4DA9-B961-5833BB4A7816}.Debug|Mixed Platforms.Build.0 = Debug|Any CPU
		{56EB1986-589C-4DA9-B961-5833BB4A7816}.Debug|x86.ActiveCfg = Debug|Any CPU
		{56EB1986-589C-4DA9-B961-5833BB4A7816}.NoUnitTests|Any CPU.ActiveCfg = NoUnitTests|Any CPU
		{56EB1986-589C-4DA9-B961-5833BB4A7816}.NoUnitTests|Any CPU.Build.0 = NoUnitTests|Any CPU
		{56EB1986-589C-4DA9-B961-5833BB4A7816}.NoUnitTests|Mixed Platforms.ActiveCfg = NoUnitTests|Any CPU
		{56EB1986-589C-4DA9-B961-5833BB4A7816}.NoUnitTests|Mixed Platforms.Build.0 = NoUnitTests|Any CPU
		{56EB1986-589C-4DA9-B961-5833BB4A7816}.NoUnitTests|x86.ActiveCfg = NoUnitTests|Any CPU
		{56EB1986-589C-4DA9-B961-5833BB4A7816}.Release|Any CPU.ActiveCfg = Release|Any CPU
		{56EB1986-589C-4DA9-B961-5833BB4A7816}.Release|Any CPU.Build.0 = Release|Any CPU
		{56EB1986-589C-4DA9-B961-5833BB4A7816}.Release|Mixed Platforms.ActiveCfg = Release|Any CPU
		{56EB1986-589C-4DA9-B961-5833BB4A7816}.Release|Mixed Platforms.Build.0 = Release|Any CPU
		{56EB1986-589C-4DA9-B961-5833BB4A7816}.Release|x86.ActiveCfg = Release|Any CPU
		{73A3FEE8-13EE-4EEB-9DB2-E52A30C8467A}.Debug|Any CPU.ActiveCfg = Debug|Any CPU
		{73A3FEE8-13EE-4EEB-9DB2-E52A30C8467A}.Debug|Any CPU.Build.0 = Debug|Any CPU
		{73A3FEE8-13EE-4EEB-9DB2-E52A30C8467A}.Debug|Mixed Platforms.ActiveCfg = Debug|Any CPU
		{73A3FEE8-13EE-4EEB-9DB2-E52A30C8467A}.Debug|Mixed Platforms.Build.0 = Debug|Any CPU
		{73A3FEE8-13EE-4EEB-9DB2-E52A30C8467A}.Debug|x86.ActiveCfg = Debug|Any CPU
		{73A3FEE8-13EE-4EEB-9DB2-E52A30C8467A}.NoUnitTests|Any CPU.ActiveCfg = NoUnitTests|Any CPU
		{73A3FEE8-13EE-4EEB-9DB2-E52A30C8467A}.NoUnitTests|Any CPU.Build.0 = NoUnitTests|Any CPU
		{73A3FEE8-13EE-4EEB-9DB2-E52A30C8467A}.NoUnitTests|Mixed Platforms.ActiveCfg = NoUnitTests|Any CPU
		{73A3FEE8-13EE-4EEB-9DB2-E52A30C8467A}.NoUnitTests|Mixed Platforms.Build.0 = NoUnitTests|Any CPU
		{73A3FEE8-13EE-4EEB-9DB2-E52A30C8467A}.NoUnitTests|x86.ActiveCfg = NoUnitTests|Any CPU
		{73A3FEE8-13EE-4EEB-9DB2-E52A30C8467A}.Release|Any CPU.ActiveCfg = Release|Any CPU
		{73A3FEE8-13EE-4EEB-9DB2-E52A30C8467A}.Release|Any CPU.Build.0 = Release|Any CPU
		{73A3FEE8-13EE-4EEB-9DB2-E52A30C8467A}.Release|Mixed Platforms.ActiveCfg = Release|Any CPU
		{73A3FEE8-13EE-4EEB-9DB2-E52A30C8467A}.Release|Mixed Platforms.Build.0 = Release|Any CPU
		{73A3FEE8-13EE-4EEB-9DB2-E52A30C8467A}.Release|x86.ActiveCfg = Release|Any CPU
		{AE1865DB-C8D2-48E8-BB00-551D9D858C37}.Debug|Any CPU.ActiveCfg = Debug|Any CPU
		{AE1865DB-C8D2-48E8-BB00-551D9D858C37}.Debug|Any CPU.Build.0 = Debug|Any CPU
		{AE1865DB-C8D2-48E8-BB00-551D9D858C37}.Debug|Mixed Platforms.ActiveCfg = Debug|Any CPU
		{AE1865DB-C8D2-48E8-BB00-551D9D858C37}.Debug|Mixed Platforms.Build.0 = Debug|Any CPU
		{AE1865DB-C8D2-48E8-BB00-551D9D858C37}.Debug|x86.ActiveCfg = Debug|Any CPU
		{AE1865DB-C8D2-48E8-BB00-551D9D858C37}.NoUnitTests|Any CPU.ActiveCfg = NoUnitTests|Any CPU
		{AE1865DB-C8D2-48E8-BB00-551D9D858C37}.NoUnitTests|Any CPU.Build.0 = NoUnitTests|Any CPU
		{AE1865DB-C8D2-48E8-BB00-551D9D858C37}.NoUnitTests|Mixed Platforms.ActiveCfg = NoUnitTests|Any CPU
		{AE1865DB-C8D2-48E8-BB00-551D9D858C37}.NoUnitTests|x86.ActiveCfg = NoUnitTests|Any CPU
		{AE1865DB-C8D2-48E8-BB00-551D9D858C37}.Release|Any CPU.ActiveCfg = Release|Any CPU
		{AE1865DB-C8D2-48E8-BB00-551D9D858C37}.Release|Any CPU.Build.0 = Release|Any CPU
		{AE1865DB-C8D2-48E8-BB00-551D9D858C37}.Release|Mixed Platforms.ActiveCfg = Release|Any CPU
		{AE1865DB-C8D2-48E8-BB00-551D9D858C37}.Release|Mixed Platforms.Build.0 = Release|Any CPU
		{AE1865DB-C8D2-48E8-BB00-551D9D858C37}.Release|x86.ActiveCfg = Release|Any CPU
		{0F94F031-1D0B-429A-A41D-956C1EAE435B}.Debug|Any CPU.ActiveCfg = Debug|Any CPU
		{0F94F031-1D0B-429A-A41D-956C1EAE435B}.Debug|Any CPU.Build.0 = Debug|Any CPU
		{0F94F031-1D0B-429A-A41D-956C1EAE435B}.Debug|Mixed Platforms.ActiveCfg = Debug|Any CPU
		{0F94F031-1D0B-429A-A41D-956C1EAE435B}.Debug|Mixed Platforms.Build.0 = Debug|Any CPU
		{0F94F031-1D0B-429A-A41D-956C1EAE435B}.Debug|x86.ActiveCfg = Debug|Any CPU
		{0F94F031-1D0B-429A-A41D-956C1EAE435B}.NoUnitTests|Any CPU.ActiveCfg = NoUnitTests|Any CPU
		{0F94F031-1D0B-429A-A41D-956C1EAE435B}.NoUnitTests|Any CPU.Build.0 = NoUnitTests|Any CPU
		{0F94F031-1D0B-429A-A41D-956C1EAE435B}.NoUnitTests|Mixed Platforms.ActiveCfg = NoUnitTests|Any CPU
		{0F94F031-1D0B-429A-A41D-956C1EAE435B}.NoUnitTests|Mixed Platforms.Build.0 = NoUnitTests|Any CPU
		{0F94F031-1D0B-429A-A41D-956C1EAE435B}.NoUnitTests|x86.ActiveCfg = NoUnitTests|Any CPU
		{0F94F031-1D0B-429A-A41D-956C1EAE435B}.Release|Any CPU.ActiveCfg = Release|Any CPU
		{0F94F031-1D0B-429A-A41D-956C1EAE435B}.Release|Any CPU.Build.0 = Release|Any CPU
		{0F94F031-1D0B-429A-A41D-956C1EAE435B}.Release|Mixed Platforms.ActiveCfg = Release|Any CPU
		{0F94F031-1D0B-429A-A41D-956C1EAE435B}.Release|Mixed Platforms.Build.0 = Release|Any CPU
		{0F94F031-1D0B-429A-A41D-956C1EAE435B}.Release|x86.ActiveCfg = Release|Any CPU
		{A265E08A-870F-406D-8751-4F6F6D69E91A}.Debug|Any CPU.ActiveCfg = Debug|Any CPU
		{A265E08A-870F-406D-8751-4F6F6D69E91A}.Debug|Any CPU.Build.0 = Debug|Any CPU
		{A265E08A-870F-406D-8751-4F6F6D69E91A}.Debug|Mixed Platforms.ActiveCfg = Debug|Any CPU
		{A265E08A-870F-406D-8751-4F6F6D69E91A}.Debug|Mixed Platforms.Build.0 = Debug|Any CPU
		{A265E08A-870F-406D-8751-4F6F6D69E91A}.Debug|x86.ActiveCfg = Debug|Any CPU
		{A265E08A-870F-406D-8751-4F6F6D69E91A}.NoUnitTests|Any CPU.ActiveCfg = NoUnitTests|Any CPU
		{A265E08A-870F-406D-8751-4F6F6D69E91A}.NoUnitTests|Any CPU.Build.0 = NoUnitTests|Any CPU
		{A265E08A-870F-406D-8751-4F6F6D69E91A}.NoUnitTests|Mixed Platforms.ActiveCfg = NoUnitTests|Any CPU
		{A265E08A-870F-406D-8751-4F6F6D69E91A}.NoUnitTests|Mixed Platforms.Build.0 = NoUnitTests|Any CPU
		{A265E08A-870F-406D-8751-4F6F6D69E91A}.NoUnitTests|x86.ActiveCfg = NoUnitTests|Any CPU
		{A265E08A-870F-406D-8751-4F6F6D69E91A}.Release|Any CPU.ActiveCfg = Release|Any CPU
		{A265E08A-870F-406D-8751-4F6F6D69E91A}.Release|Any CPU.Build.0 = Release|Any CPU
		{A265E08A-870F-406D-8751-4F6F6D69E91A}.Release|Mixed Platforms.ActiveCfg = Release|Any CPU
		{A265E08A-870F-406D-8751-4F6F6D69E91A}.Release|Mixed Platforms.Build.0 = Release|Any CPU
		{A265E08A-870F-406D-8751-4F6F6D69E91A}.Release|x86.ActiveCfg = Release|Any CPU
	EndGlobalSection
	GlobalSection(SolutionProperties) = preSolution
		HideSolutionNode = FALSE
	EndGlobalSection
EndGlobal
